
Microsoft Visual Studio Solution File, Format Version 12.00
# Visual Studio Version 17
VisualStudioVersion = 17.3.32922.545
MinimumVisualStudioVersion = 10.0.40219.1
Project("{FAE04EC0-301F-11D3-BF4B-00C04F79EFBC}") = "wpf-my-dialog", "wpf-my-dialog\wpf-my-dialog.csproj", "{9A14AC8A-29FA-4FDF-B0EF-0BAC9ECD410A}"
EndProject
Global
	GlobalSection(SolutionConfigurationPlatforms) = preSolution
		Debug|Any CPU = Debug|Any CPU
		Release|Any CPU = Release|Any CPU
	EndGlobalSection
	GlobalSection(ProjectConfigurationPlatforms) = postSolution
		{9A14AC8A-29FA-4FDF-B0EF-0BAC9ECD410A}.Debug|Any CPU.ActiveCfg = Debug|Any CPU
		{9A14AC8A-29FA-4FDF-B0EF-0BAC9ECD410A}.Debug|Any CPU.Build.0 = Debug|Any CPU
		{9A14AC8A-29FA-4FDF-B0EF-0BAC9ECD410A}.Release|Any CPU.ActiveCfg = Release|Any CPU
		{9A14AC8A-29FA-4FDF-B0EF-0BAC9ECD410A}.Release|Any CPU.Build.0 = Release|Any CPU
	EndGlobalSection
	GlobalSection(SolutionProperties) = preSolution
		HideSolutionNode = FALSE
	EndGlobalSection
	GlobalSection(ExtensibilityGlobals) = postSolution
		SolutionGuid = {3382593F-8762-49E3-B8D8-BF6C79F04415}
	EndGlobalSection
EndGlobal
